// !$*UTF8*$!
{
	archiveVersion = 1;
	classes = {
	};
	objectVersion = 51;
	objects = {

/* Begin PBXBuildFile section */
		0FFF8CD2F93884AE759E8E84 /* Pods_FireChat.framework in Frameworks */ = {isa = PBXBuildFile; fileRef = 7F174AF7DCD43236007B6D10 /* Pods_FireChat.framework */; };
		423CDFFB248F26D100428791 /* AppDelegate.swift in Sources */ = {isa = PBXBuildFile; fileRef = 423CDFFA248F26D100428791 /* AppDelegate.swift */; };
		423CDFFD248F26D100428791 /* SceneDelegate.swift in Sources */ = {isa = PBXBuildFile; fileRef = 423CDFFC248F26D100428791 /* SceneDelegate.swift */; };
		423CDFFF248F26D100428791 /* ViewController.swift in Sources */ = {isa = PBXBuildFile; fileRef = 423CDFFE248F26D100428791 /* ViewController.swift */; };
		423CE002248F26D100428791 /* Main.storyboard in Resources */ = {isa = PBXBuildFile; fileRef = 423CE000248F26D100428791 /* Main.storyboard */; };
		423CE004248F26D600428791 /* Assets.xcassets in Resources */ = {isa = PBXBuildFile; fileRef = 423CE003248F26D600428791 /* Assets.xcassets */; };
		423CE007248F26D600428791 /* LaunchScreen.storyboard in Resources */ = {isa = PBXBuildFile; fileRef = 423CE005248F26D600428791 /* LaunchScreen.storyboard */; };
		423CE01B248F2AAE00428791 /* ConversationsController.swift in Sources */ = {isa = PBXBuildFile; fileRef = 423CE01A248F2AAE00428791 /* ConversationsController.swift */; };
		AF178FB5248F4425005E14B6 /* LoginController.swift in Sources */ = {isa = PBXBuildFile; fileRef = AF178FB4248F4425005E14B6 /* LoginController.swift */; };
		AF178FB7248F4547005E14B6 /* RegistrationController.swift in Sources */ = {isa = PBXBuildFile; fileRef = AF178FB6248F4547005E14B6 /* RegistrationController.swift */; };
		AF178FB9248F47DA005E14B6 /* Extensions.swift in Sources */ = {isa = PBXBuildFile; fileRef = AF178FB8248F47DA005E14B6 /* Extensions.swift */; };
		AF178FBB248F5E69005E14B6 /* InputContainerView.swift in Sources */ = {isa = PBXBuildFile; fileRef = AF178FBA248F5E69005E14B6 /* InputContainerView.swift */; };
		AF178FBD248F60C4005E14B6 /* CustomTextField.swift in Sources */ = {isa = PBXBuildFile; fileRef = AF178FBC248F60C4005E14B6 /* CustomTextField.swift */; };
		AF178FBF248F6F97005E14B6 /* LoginViewModel.swift in Sources */ = {isa = PBXBuildFile; fileRef = AF178FBE248F6F97005E14B6 /* LoginViewModel.swift */; };
		AF178FC1248F79E0005E14B6 /* RegistrationViewModel.swift in Sources */ = {isa = PBXBuildFile; fileRef = AF178FC0248F79E0005E14B6 /* RegistrationViewModel.swift */; };
		AF178FC5248F9288005E14B6 /* GoogleService-Info.plist in Resources */ = {isa = PBXBuildFile; fileRef = AF178FC4248F9288005E14B6 /* GoogleService-Info.plist */; };
		AF80FD3E2490B886000A1470 /* AuthService.swift in Sources */ = {isa = PBXBuildFile; fileRef = AF80FD3D2490B886000A1470 /* AuthService.swift */; };
/* End PBXBuildFile section */

/* Begin PBXFileReference section */
		423CDFF7248F26D100428791 /* FireChat.app */ = {isa = PBXFileReference; explicitFileType = wrapper.application; includeInIndex = 0; path = FireChat.app; sourceTree = BUILT_PRODUCTS_DIR; };
		423CDFFA248F26D100428791 /* AppDelegate.swift */ = {isa = PBXFileReference; lastKnownFileType = sourcecode.swift; path = AppDelegate.swift; sourceTree = "<group>"; };
		423CDFFC248F26D100428791 /* SceneDelegate.swift */ = {isa = PBXFileReference; lastKnownFileType = sourcecode.swift; path = SceneDelegate.swift; sourceTree = "<group>"; };
		423CDFFE248F26D100428791 /* ViewController.swift */ = {isa = PBXFileReference; lastKnownFileType = sourcecode.swift; path = ViewController.swift; sourceTree = "<group>"; };
		423CE001248F26D100428791 /* Base */ = {isa = PBXFileReference; lastKnownFileType = file.storyboard; name = Base; path = Base.lproj/Main.storyboard; sourceTree = "<group>"; };
		423CE003248F26D600428791 /* Assets.xcassets */ = {isa = PBXFileReference; lastKnownFileType = folder.assetcatalog; path = Assets.xcassets; sourceTree = "<group>"; };
		423CE006248F26D600428791 /* Base */ = {isa = PBXFileReference; lastKnownFileType = file.storyboard; name = Base; path = Base.lproj/LaunchScreen.storyboard; sourceTree = "<group>"; };
		423CE008248F26D600428791 /* Info.plist */ = {isa = PBXFileReference; lastKnownFileType = text.plist.xml; path = Info.plist; sourceTree = "<group>"; };
		423CE01A248F2AAE00428791 /* ConversationsController.swift */ = {isa = PBXFileReference; lastKnownFileType = sourcecode.swift; path = ConversationsController.swift; sourceTree = "<group>"; };
		569E472F3E1DD20483F64D7E /* Pods-FireChat.debug.xcconfig */ = {isa = PBXFileReference; includeInIndex = 1; lastKnownFileType = text.xcconfig; name = "Pods-FireChat.debug.xcconfig"; path = "Target Support Files/Pods-FireChat/Pods-FireChat.debug.xcconfig"; sourceTree = "<group>"; };
		7F174AF7DCD43236007B6D10 /* Pods_FireChat.framework */ = {isa = PBXFileReference; explicitFileType = wrapper.framework; includeInIndex = 0; path = Pods_FireChat.framework; sourceTree = BUILT_PRODUCTS_DIR; };
		A313325B6109C2627A53A372 /* Pods-FireChat.release.xcconfig */ = {isa = PBXFileReference; includeInIndex = 1; lastKnownFileType = text.xcconfig; name = "Pods-FireChat.release.xcconfig"; path = "Target Support Files/Pods-FireChat/Pods-FireChat.release.xcconfig"; sourceTree = "<group>"; };
		AF178FB4248F4425005E14B6 /* LoginController.swift */ = {isa = PBXFileReference; lastKnownFileType = sourcecode.swift; path = LoginController.swift; sourceTree = "<group>"; };
		AF178FB6248F4547005E14B6 /* RegistrationController.swift */ = {isa = PBXFileReference; lastKnownFileType = sourcecode.swift; path = RegistrationController.swift; sourceTree = "<group>"; };
		AF178FB8248F47DA005E14B6 /* Extensions.swift */ = {isa = PBXFileReference; lastKnownFileType = sourcecode.swift; path = Extensions.swift; sourceTree = "<group>"; };
		AF178FBA248F5E69005E14B6 /* InputContainerView.swift */ = {isa = PBXFileReference; lastKnownFileType = sourcecode.swift; name = InputContainerView.swift; path = FireChat/Controller/Authentication/InputContainerView.swift; sourceTree = SOURCE_ROOT; };
		AF178FBC248F60C4005E14B6 /* CustomTextField.swift */ = {isa = PBXFileReference; lastKnownFileType = sourcecode.swift; name = CustomTextField.swift; path = FireChat/Controller/Authentication/CustomTextField.swift; sourceTree = SOURCE_ROOT; };
		AF178FBE248F6F97005E14B6 /* LoginViewModel.swift */ = {isa = PBXFileReference; lastKnownFileType = sourcecode.swift; name = LoginViewModel.swift; path = FireChat/Controller/Authentication/LoginViewModel.swift; sourceTree = SOURCE_ROOT; };
		AF178FC0248F79E0005E14B6 /* RegistrationViewModel.swift */ = {isa = PBXFileReference; lastKnownFileType = sourcecode.swift; name = RegistrationViewModel.swift; path = FireChat/Controller/Authentication/RegistrationViewModel.swift; sourceTree = SOURCE_ROOT; };
		AF178FC4248F9288005E14B6 /* GoogleService-Info.plist */ = {isa = PBXFileReference; lastKnownFileType = text.plist; path = "GoogleService-Info.plist"; sourceTree = SOURCE_ROOT; };
		AF80FD3D2490B886000A1470 /* AuthService.swift */ = {isa = PBXFileReference; lastKnownFileType = sourcecode.swift; path = AuthService.swift; sourceTree = SOURCE_ROOT; };
/* End PBXFileReference section */

/* Begin PBXFrameworksBuildPhase section */
		423CDFF4248F26D100428791 /* Frameworks */ = {
			isa = PBXFrameworksBuildPhase;
			buildActionMask = 2147483647;
			files = (
				0FFF8CD2F93884AE759E8E84 /* Pods_FireChat.framework in Frameworks */,
			);
			runOnlyForDeploymentPostprocessing = 0;
		};
/* End PBXFrameworksBuildPhase section */

/* Begin PBXGroup section */
		423CDFEE248F26D100428791 = {
			isa = PBXGroup;
			children = (
				423CDFF9248F26D100428791 /* FireChat */,
				423CDFF8248F26D100428791 /* Products */,
				EEBDDE4583E92E0E244FBE27 /* Pods */,
				B812FC35A72C3008EB787481 /* Frameworks */,
			);
			sourceTree = "<group>";
		};
		423CDFF8248F26D100428791 /* Products */ = {
			isa = PBXGroup;
			children = (
				423CDFF7248F26D100428791 /* FireChat.app */,
			);
			name = Products;
			sourceTree = "<group>";
		};
		423CDFF9248F26D100428791 /* FireChat */ = {
			isa = PBXGroup;
			children = (
				423CE00E248F299500428791 /* Model */,
				423CE010248F299E00428791 /* View */,
				423CE011248F29A100428791 /* ViewModel */,
				423CE015248F2A2800428791 /* Controller */,
				423CE016248F2A2F00428791 /* API */,
				423CE017248F2A3900428791 /* Utils */,
				423CDFFA248F26D100428791 /* AppDelegate.swift */,
				423CDFFC248F26D100428791 /* SceneDelegate.swift */,
				423CDFFE248F26D100428791 /* ViewController.swift */,
				423CE000248F26D100428791 /* Main.storyboard */,
				423CE003248F26D600428791 /* Assets.xcassets */,
				423CE005248F26D600428791 /* LaunchScreen.storyboard */,
				423CE008248F26D600428791 /* Info.plist */,
				AF178FC4248F9288005E14B6 /* GoogleService-Info.plist */,
			);
			path = FireChat;
			sourceTree = "<group>";
		};
		423CE00E248F299500428791 /* Model */ = {
			isa = PBXGroup;
			children = (
			);
			path = Model;
			sourceTree = "<group>";
		};
		423CE010248F299E00428791 /* View */ = {
			isa = PBXGroup;
			children = (
				AF178FBA248F5E69005E14B6 /* InputContainerView.swift */,
				AF178FBC248F60C4005E14B6 /* CustomTextField.swift */,
			);
			path = View;
			sourceTree = "<group>";
		};
		423CE011248F29A100428791 /* ViewModel */ = {
			isa = PBXGroup;
			children = (
				AF178FBE248F6F97005E14B6 /* LoginViewModel.swift */,
				AF178FC0248F79E0005E14B6 /* RegistrationViewModel.swift */,
			);
			path = ViewModel;
			sourceTree = "<group>";
		};
		423CE015248F2A2800428791 /* Controller */ = {
			isa = PBXGroup;
			children = (
				AF178FB3248F43E7005E14B6 /* Authentication */,
				423CE01A248F2AAE00428791 /* ConversationsController.swift */,
			);
			path = Controller;
			sourceTree = "<group>";
		};
		423CE016248F2A2F00428791 /* API */ = {
			isa = PBXGroup;
			children = (
				AF80FD3D2490B886000A1470 /* AuthService.swift */,
			);
			path = API;
			sourceTree = "<group>";
		};
		423CE017248F2A3900428791 /* Utils */ = {
			isa = PBXGroup;
			children = (
				AF178FB8248F47DA005E14B6 /* Extensions.swift */,
			);
			path = Utils;
			sourceTree = "<group>";
		};
		AF178FB3248F43E7005E14B6 /* Authentication */ = {
			isa = PBXGroup;
			children = (
				AF178FB4248F4425005E14B6 /* LoginController.swift */,
				AF178FB6248F4547005E14B6 /* RegistrationController.swift */,
			);
			path = Authentication;
			sourceTree = "<group>";
		};
		B812FC35A72C3008EB787481 /* Frameworks */ = {
			isa = PBXGroup;
			children = (
				7F174AF7DCD43236007B6D10 /* Pods_FireChat.framework */,
			);
			name = Frameworks;
			sourceTree = "<group>";
		};
		EEBDDE4583E92E0E244FBE27 /* Pods */ = {
			isa = PBXGroup;
			children = (
				569E472F3E1DD20483F64D7E /* Pods-FireChat.debug.xcconfig */,
				A313325B6109C2627A53A372 /* Pods-FireChat.release.xcconfig */,
			);
			path = Pods;
			sourceTree = "<group>";
		};
/* End PBXGroup section */

/* Begin PBXNativeTarget section */
		423CDFF6248F26D100428791 /* FireChat */ = {
			isa = PBXNativeTarget;
			buildConfigurationList = 423CE00B248F26D600428791 /* Build configuration list for PBXNativeTarget "FireChat" */;
			buildPhases = (
				4978361225C9579178ED8616 /* [CP] Check Pods Manifest.lock */,
				423CDFF3248F26D100428791 /* Sources */,
				423CDFF4248F26D100428791 /* Frameworks */,
				423CDFF5248F26D100428791 /* Resources */,
				D038F22335B1B0376633A22F /* [CP] Embed Pods Frameworks */,
			);
			buildRules = (
			);
			dependencies = (
			);
			name = FireChat;
			productName = FireChat;
			productReference = 423CDFF7248F26D100428791 /* FireChat.app */;
			productType = "com.apple.product-type.application";
		};
/* End PBXNativeTarget section */

/* Begin PBXProject section */
		423CDFEF248F26D100428791 /* Project object */ = {
			isa = PBXProject;
			attributes = {
				LastSwiftUpdateCheck = 1150;
				LastUpgradeCheck = 1150;
				ORGANIZATIONNAME = "Kas Song";
				TargetAttributes = {
					423CDFF6248F26D100428791 = {
						CreatedOnToolsVersion = 11.5;
					};
				};
			};
			buildConfigurationList = 423CDFF2248F26D100428791 /* Build configuration list for PBXProject "FireChat" */;
			compatibilityVersion = "Xcode 9.3";
			developmentRegion = en;
			hasScannedForEncodings = 0;
			knownRegions = (
				en,
				Base,
			);
			mainGroup = 423CDFEE248F26D100428791;
			productRefGroup = 423CDFF8248F26D100428791 /* Products */;
			projectDirPath = "";
			projectRoot = "";
			targets = (
				423CDFF6248F26D100428791 /* FireChat */,
			);
		};
/* End PBXProject section */

/* Begin PBXResourcesBuildPhase section */
		423CDFF5248F26D100428791 /* Resources */ = {
			isa = PBXResourcesBuildPhase;
			buildActionMask = 2147483647;
			files = (
				423CE007248F26D600428791 /* LaunchScreen.storyboard in Resources */,
				AF178FC5248F9288005E14B6 /* GoogleService-Info.plist in Resources */,
				423CE004248F26D600428791 /* Assets.xcassets in Resources */,
				423CE002248F26D100428791 /* Main.storyboard in Resources */,
			);
			runOnlyForDeploymentPostprocessing = 0;
		};
/* End PBXResourcesBuildPhase section */

/* Begin PBXShellScriptBuildPhase section */
		4978361225C9579178ED8616 /* [CP] Check Pods Manifest.lock */ = {
			isa = PBXShellScriptBuildPhase;
			buildActionMask = 2147483647;
			files = (
			);
			inputFileListPaths = (
			);
			inputPaths = (
				"${PODS_PODFILE_DIR_PATH}/Podfile.lock",
				"${PODS_ROOT}/Manifest.lock",
			);
			name = "[CP] Check Pods Manifest.lock";
			outputFileListPaths = (
			);
			outputPaths = (
				"$(DERIVED_FILE_DIR)/Pods-FireChat-checkManifestLockResult.txt",
			);
			runOnlyForDeploymentPostprocessing = 0;
			shellPath = /bin/sh;
			shellScript = "diff \"${PODS_PODFILE_DIR_PATH}/Podfile.lock\" \"${PODS_ROOT}/Manifest.lock\" > /dev/null\nif [ $? != 0 ] ; then\n    # print error to STDERR\n    echo \"error: The sandbox is not in sync with the Podfile.lock. Run 'pod install' or update your CocoaPods installation.\" >&2\n    exit 1\nfi\n# This output is used by Xcode 'outputs' to avoid re-running this script phase.\necho \"SUCCESS\" > \"${SCRIPT_OUTPUT_FILE_0}\"\n";
			showEnvVarsInLog = 0;
		};
		D038F22335B1B0376633A22F /* [CP] Embed Pods Frameworks */ = {
			isa = PBXShellScriptBuildPhase;
			buildActionMask = 2147483647;
			files = (
			);
			inputFileListPaths = (
				"${PODS_ROOT}/Target Support Files/Pods-FireChat/Pods-FireChat-frameworks-${CONFIGURATION}-input-files.xcfilelist",
			);
			name = "[CP] Embed Pods Frameworks";
			outputFileListPaths = (
				"${PODS_ROOT}/Target Support Files/Pods-FireChat/Pods-FireChat-frameworks-${CONFIGURATION}-output-files.xcfilelist",
			);
			runOnlyForDeploymentPostprocessing = 0;
			shellPath = /bin/sh;
			shellScript = "\"${PODS_ROOT}/Target Support Files/Pods-FireChat/Pods-FireChat-frameworks.sh\"\n";
			showEnvVarsInLog = 0;
		};
/* End PBXShellScriptBuildPhase section */

/* Begin PBXSourcesBuildPhase section */
		423CDFF3248F26D100428791 /* Sources */ = {
			isa = PBXSourcesBuildPhase;
			buildActionMask = 2147483647;
			files = (
				AF178FB7248F4547005E14B6 /* RegistrationController.swift in Sources */,
				AF178FC1248F79E0005E14B6 /* RegistrationViewModel.swift in Sources */,
				AF178FBB248F5E69005E14B6 /* InputContainerView.swift in Sources */,
				AF80FD3E2490B886000A1470 /* AuthService.swift in Sources */,
				423CDFFF248F26D100428791 /* ViewController.swift in Sources */,
				423CDFFB248F26D100428791 /* AppDelegate.swift in Sources */,
				423CE01B248F2AAE00428791 /* ConversationsController.swift in Sources */,
				423CDFFD248F26D100428791 /* SceneDelegate.swift in Sources */,
				AF178FB5248F4425005E14B6 /* LoginController.swift in Sources */,
				AF178FB9248F47DA005E14B6 /* Extensions.swift in Sources */,
				AF178FBF248F6F97005E14B6 /* LoginViewModel.swift in Sources */,
				AF178FBD248F60C4005E14B6 /* CustomTextField.swift in Sources */,
			);
			runOnlyForDeploymentPostprocessing = 0;
		};
/* End PBXSourcesBuildPhase section */

/* Begin PBXVariantGroup section */
		423CE000248F26D100428791 /* Main.storyboard */ = {
			isa = PBXVariantGroup;
			children = (
				423CE001248F26D100428791 /* Base */,
			);
			name = Main.storyboard;
			sourceTree = "<group>";
		};
		423CE005248F26D600428791 /* LaunchScreen.storyboard */ = {
			isa = PBXVariantGroup;
			children = (
				423CE006248F26D600428791 /* Base */,
			);
			name = LaunchScreen.storyboard;
			sourceTree = "<group>";
		};
/* End PBXVariantGroup section */

/* Begin XCBuildConfiguration section */
		423CE009248F26D600428791 /* Debug */ = {
			isa = XCBuildConfiguration;
			buildSettings = {
				ALWAYS_SEARCH_USER_PATHS = NO;
				CLANG_ANALYZER_NONNULL = YES;
				CLANG_ANALYZER_NUMBER_OBJECT_CONVERSION = YES_AGGRESSIVE;
				CLANG_CXX_LANGUAGE_STANDARD = "gnu++14";
				CLANG_CXX_LIBRARY = "libc++";
				CLANG_ENABLE_MODULES = YES;
				CLANG_ENABLE_OBJC_ARC = YES;
				CLANG_ENABLE_OBJC_WEAK = YES;
				CLANG_WARN_BLOCK_CAPTURE_AUTORELEASING = YES;
				CLANG_WARN_BOOL_CONVERSION = YES;
				CLANG_WARN_COMMA = YES;
				CLANG_WARN_CONSTANT_CONVERSION = YES;
				CLANG_WARN_DEPRECATED_OBJC_IMPLEMENTATIONS = YES;
				CLANG_WARN_DIRECT_OBJC_ISA_USAGE = YES_ERROR;
				CLANG_WARN_DOCUMENTATION_COMMENTS = YES;
				CLANG_WARN_EMPTY_BODY = YES;
				CLANG_WARN_ENUM_CONVERSION = YES;
				CLANG_WARN_INFINITE_RECURSION = YES;
				CLANG_WARN_INT_CONVERSION = YES;
				CLANG_WARN_NON_LITERAL_NULL_CONVERSION = YES;
				CLANG_WARN_OBJC_IMPLICIT_RETAIN_SELF = YES;
				CLANG_WARN_OBJC_LITERAL_CONVERSION = YES;
				CLANG_WARN_OBJC_ROOT_CLASS = YES_ERROR;
				CLANG_WARN_RANGE_LOOP_ANALYSIS = YES;
				CLANG_WARN_STRICT_PROTOTYPES = YES;
				CLANG_WARN_SUSPICIOUS_MOVE = YES;
				CLANG_WARN_UNGUARDED_AVAILABILITY = YES_AGGRESSIVE;
				CLANG_WARN_UNREACHABLE_CODE = YES;
				CLANG_WARN__DUPLICATE_METHOD_MATCH = YES;
				COPY_PHASE_STRIP = NO;
				DEBUG_INFORMATION_FORMAT = dwarf;
				ENABLE_STRICT_OBJC_MSGSEND = YES;
				ENABLE_TESTABILITY = YES;
				GCC_C_LANGUAGE_STANDARD = gnu11;
				GCC_DYNAMIC_NO_PIC = NO;
				GCC_NO_COMMON_BLOCKS = YES;
				GCC_OPTIMIZATION_LEVEL = 0;
				GCC_PREPROCESSOR_DEFINITIONS = (
					"DEBUG=1",
					"$(inherited)",
				);
				GCC_WARN_64_TO_32_BIT_CONVERSION = YES;
				GCC_WARN_ABOUT_RETURN_TYPE = YES_ERROR;
				GCC_WARN_UNDECLARED_SELECTOR = YES;
				GCC_WARN_UNINITIALIZED_AUTOS = YES_AGGRESSIVE;
				GCC_WARN_UNUSED_FUNCTION = YES;
				GCC_WARN_UNUSED_VARIABLE = YES;
				IPHONEOS_DEPLOYMENT_TARGET = 13.5;
				MTL_ENABLE_DEBUG_INFO = INCLUDE_SOURCE;
				MTL_FAST_MATH = YES;
				ONLY_ACTIVE_ARCH = YES;
				SDKROOT = iphoneos;
				SWIFT_ACTIVE_COMPILATION_CONDITIONS = DEBUG;
				SWIFT_OPTIMIZATION_LEVEL = "-Onone";
			};
			name = Debug;
		};
		423CE00A248F26D600428791 /* Release */ = {
			isa = XCBuildConfiguration;
			buildSettings = {
				ALWAYS_SEARCH_USER_PATHS = NO;
				CLANG_ANALYZER_NONNULL = YES;
				CLANG_ANALYZER_NUMBER_OBJECT_CONVERSION = YES_AGGRESSIVE;
				CLANG_CXX_LANGUAGE_STANDARD = "gnu++14";
				CLANG_CXX_LIBRARY = "libc++";
				CLANG_ENABLE_MODULES = YES;
				CLANG_ENABLE_OBJC_ARC = YES;
				CLANG_ENABLE_OBJC_WEAK = YES;
				CLANG_WARN_BLOCK_CAPTURE_AUTORELEASING = YES;
				CLANG_WARN_BOOL_CONVERSION = YES;
				CLANG_WARN_COMMA = YES;
				CLANG_WARN_CONSTANT_CONVERSION = YES;
				CLANG_WARN_DEPRECATED_OBJC_IMPLEMENTATIONS = YES;
				CLANG_WARN_DIRECT_OBJC_ISA_USAGE = YES_ERROR;
				CLANG_WARN_DOCUMENTATION_COMMENTS = YES;
				CLANG_WARN_EMPTY_BODY = YES;
				CLANG_WARN_ENUM_CONVERSION = YES;
				CLANG_WARN_INFINITE_RECURSION = YES;
				CLANG_WARN_INT_CONVERSION = YES;
				CLANG_WARN_NON_LITERAL_NULL_CONVERSION = YES;
				CLANG_WARN_OBJC_IMPLICIT_RETAIN_SELF = YES;
				CLANG_WARN_OBJC_LITERAL_CONVERSION = YES;
				CLANG_WARN_OBJC_ROOT_CLASS = YES_ERROR;
				CLANG_WARN_RANGE_LOOP_ANALYSIS = YES;
				CLANG_WARN_STRICT_PROTOTYPES = YES;
				CLANG_WARN_SUSPICIOUS_MOVE = YES;
				CLANG_WARN_UNGUARDED_AVAILABILITY = YES_AGGRESSIVE;
				CLANG_WARN_UNREACHABLE_CODE = YES;
				CLANG_WARN__DUPLICATE_METHOD_MATCH = YES;
				COPY_PHASE_STRIP = NO;
				DEBUG_INFORMATION_FORMAT = "dwarf-with-dsym";
				ENABLE_NS_ASSERTIONS = NO;
				ENABLE_STRICT_OBJC_MSGSEND = YES;
				GCC_C_LANGUAGE_STANDARD = gnu11;
				GCC_NO_COMMON_BLOCKS = YES;
				GCC_WARN_64_TO_32_BIT_CONVERSION = YES;
				GCC_WARN_ABOUT_RETURN_TYPE = YES_ERROR;
				GCC_WARN_UNDECLARED_SELECTOR = YES;
				GCC_WARN_UNINITIALIZED_AUTOS = YES_AGGRESSIVE;
				GCC_WARN_UNUSED_FUNCTION = YES;
				GCC_WARN_UNUSED_VARIABLE = YES;
				IPHONEOS_DEPLOYMENT_TARGET = 13.5;
				MTL_ENABLE_DEBUG_INFO = NO;
				MTL_FAST_MATH = YES;
				SDKROOT = iphoneos;
				SWIFT_COMPILATION_MODE = wholemodule;
				SWIFT_OPTIMIZATION_LEVEL = "-O";
				VALIDATE_PRODUCT = YES;
			};
			name = Release;
		};
		423CE00C248F26D600428791 /* Debug */ = {
			isa = XCBuildConfiguration;
			baseConfigurationReference = 569E472F3E1DD20483F64D7E /* Pods-FireChat.debug.xcconfig */;
			buildSettings = {
				ASSETCATALOG_COMPILER_APPICON_NAME = AppIcon;
				CODE_SIGN_STYLE = Automatic;
				DEVELOPMENT_TEAM = DX4KVUBK56;
				INFOPLIST_FILE = FireChat/Info.plist;
				IPHONEOS_DEPLOYMENT_TARGET = 13.0;
				LD_RUNPATH_SEARCH_PATHS = (
					"$(inherited)",
					"@executable_path/Frameworks",
				);
				PRODUCT_BUNDLE_IDENTIFIER = com.TeamSloth.FireChat;
				PRODUCT_NAME = "$(TARGET_NAME)";
				SWIFT_VERSION = 5.0;
				TARGETED_DEVICE_FAMILY = 1;
			};
			name = Debug;
		};
		423CE00D248F26D600428791 /* Release */ = {
			isa = XCBuildConfiguration;
			baseConfigurationReference = A313325B6109C2627A53A372 /* Pods-FireChat.release.xcconfig */;
			buildSettings = {
				ASSETCATALOG_COMPILER_APPICON_NAME = AppIcon;
				CODE_SIGN_STYLE = Automatic;
				DEVELOPMENT_TEAM = DX4KVUBK56;
				INFOPLIST_FILE = FireChat/Info.plist;
				IPHONEOS_DEPLOYMENT_TARGET = 13.0;
				LD_RUNPATH_SEARCH_PATHS = (
					"$(inherited)",
					"@executable_path/Frameworks",
				);
				PRODUCT_BUNDLE_IDENTIFIER = com.TeamSloth.FireChat;
				PRODUCT_NAME = "$(TARGET_NAME)";
				SWIFT_VERSION = 5.0;
				TARGETED_DEVICE_FAMILY = 1;
			};
			name = Release;
		};
/* End XCBuildConfiguration section */

/* Begin XCConfigurationList section */
		423CDFF2248F26D100428791 /* Build configuration list for PBXProject "FireChat" */ = {
			isa = XCConfigurationList;
			buildConfigurations = (
				423CE009248F26D600428791 /* Debug */,
				423CE00A248F26D600428791 /* Release */,
			);
			defaultConfigurationIsVisible = 0;
			defaultConfigurationName = Release;
		};
		423CE00B248F26D600428791 /* Build configuration list for PBXNativeTarget "FireChat" */ = {
			isa = XCConfigurationList;
			buildConfigurations = (
				423CE00C248F26D600428791 /* Debug */,
				423CE00D248F26D600428791 /* Release */,
			);
			defaultConfigurationIsVisible = 0;
			defaultConfigurationName = Release;
		};
/* End XCConfigurationList section */
	};
	rootObject = 423CDFEF248F26D100428791 /* Project object */;
}
